
Microsoft Visual Studio Solution File, Format Version 12.00
# Visual Studio Version 16
VisualStudioVersion = 16.0.31729.503
MinimumVisualStudioVersion = 10.0.40219.1
Project("{FAE04EC0-301F-11D3-BF4B-00C04F79EFBC}") = "Levanov_KP_RKIS_19ISP", "Levanov_KP_RKIS_19ISP\Levanov_KP_RKIS_19ISP.csproj", "{CBB84058-C1EF-4200-81A1-AE0CCB9B389A}"
EndProject
Global
	GlobalSection(SolutionConfigurationPlatforms) = preSolution
		Debug|Any CPU = Debug|Any CPU
		Release|Any CPU = Release|Any CPU
	EndGlobalSection
	GlobalSection(ProjectConfigurationPlatforms) = postSolution
		{CBB84058-C1EF-4200-81A1-AE0CCB9B389A}.Debug|Any CPU.ActiveCfg = Debug|Any CPU
		{CBB84058-C1EF-4200-81A1-AE0CCB9B389A}.Debug|Any CPU.Build.0 = Debug|Any CPU
		{CBB84058-C1EF-4200-81A1-AE0CCB9B389A}.Release|Any CPU.ActiveCfg = Release|Any CPU
		{CBB84058-C1EF-4200-81A1-AE0CCB9B389A}.Release|Any CPU.Build.0 = Release|Any CPU
	EndGlobalSection
	GlobalSection(SolutionProperties) = preSolution
		HideSolutionNode = FALSE
	EndGlobalSection
	GlobalSection(ExtensibilityGlobals) = postSolution
		SolutionGuid = {1FB9DECC-A21A-438C-A0A2-090A7736D62F}
	EndGlobalSection
EndGlobal
